// !$*UTF8*$!
{
	archiveVersion = 1;
	classes = {
	};
	objectVersion = 50;
	objects = {

/* Begin PBXBuildFile section */
		A24CD21421C388F7009C4DFC /* AppDelegate.m in Sources */ = {isa = PBXBuildFile; fileRef = A24CD21321C388F7009C4DFC /* AppDelegate.m */; };
		A24CD21721C388F7009C4DFC /* ViewController.m in Sources */ = {isa = PBXBuildFile; fileRef = A24CD21621C388F7009C4DFC /* ViewController.m */; };
		A24CD21A21C388F7009C4DFC /* Main.storyboard in Resources */ = {isa = PBXBuildFile; fileRef = A24CD21821C388F7009C4DFC /* Main.storyboard */; };
		A24CD21C21C388FA009C4DFC /* Assets.xcassets in Resources */ = {isa = PBXBuildFile; fileRef = A24CD21B21C388FA009C4DFC /* Assets.xcassets */; };
		A24CD21F21C388FA009C4DFC /* LaunchScreen.storyboard in Resources */ = {isa = PBXBuildFile; fileRef = A24CD21D21C388FA009C4DFC /* LaunchScreen.storyboard */; };
		A24CD22221C388FA009C4DFC /* main.m in Sources */ = {isa = PBXBuildFile; fileRef = A24CD22121C388FA009C4DFC /* main.m */; };
		A24CD22921C38987009C4DFC /* DudelView.xib in Resources */ = {isa = PBXBuildFile; fileRef = A24CD22821C38987009C4DFC /* DudelView.xib */; };
		A24CD22C21C389A1009C4DFC /* DudelView.m in Sources */ = {isa = PBXBuildFile; fileRef = A24CD22B21C389A1009C4DFC /* DudelView.m */; };
		A24CD23121C3A45F009C4DFC /* PencilTool.m in Sources */ = {isa = PBXBuildFile; fileRef = A24CD23021C3A45F009C4DFC /* PencilTool.m */; };
		A24CD23521C3A9FE009C4DFC /* PathDrawingInfo.m in Sources */ = {isa = PBXBuildFile; fileRef = A24CD23421C3A9FE009C4DFC /* PathDrawingInfo.m */; };
		A24CD23821C3AEF9009C4DFC /* LineTool.m in Sources */ = {isa = PBXBuildFile; fileRef = A24CD23721C3AEF9009C4DFC /* LineTool.m */; };
		A24CD23B21C3B4CA009C4DFC /* RectangleTool.m in Sources */ = {isa = PBXBuildFile; fileRef = A24CD23A21C3B4CA009C4DFC /* RectangleTool.m */; };
		A24CD23E21C3B7DA009C4DFC /* EllipseTool.m in Sources */ = {isa = PBXBuildFile; fileRef = A24CD23D21C3B7DA009C4DFC /* EllipseTool.m */; };
		A24CD24121C3BA27009C4DFC /* FreehandTool.m in Sources */ = {isa = PBXBuildFile; fileRef = A24CD24021C3BA27009C4DFC /* FreehandTool.m */; };
/* End PBXBuildFile section */

/* Begin PBXFileReference section */
		A24CD20F21C388F7009C4DFC /* Dudel.app */ = {isa = PBXFileReference; explicitFileType = wrapper.application; includeInIndex = 0; path = Dudel.app; sourceTree = BUILT_PRODUCTS_DIR; };
		A24CD21221C388F7009C4DFC /* AppDelegate.h */ = {isa = PBXFileReference; lastKnownFileType = sourcecode.c.h; path = AppDelegate.h; sourceTree = "<group>"; };
		A24CD21321C388F7009C4DFC /* AppDelegate.m */ = {isa = PBXFileReference; lastKnownFileType = sourcecode.c.objc; path = AppDelegate.m; sourceTree = "<group>"; };
		A24CD21521C388F7009C4DFC /* ViewController.h */ = {isa = PBXFileReference; lastKnownFileType = sourcecode.c.h; path = ViewController.h; sourceTree = "<group>"; };
		A24CD21621C388F7009C4DFC /* ViewController.m */ = {isa = PBXFileReference; lastKnownFileType = sourcecode.c.objc; path = ViewController.m; sourceTree = "<group>"; };
		A24CD21921C388F7009C4DFC /* Base */ = {isa = PBXFileReference; lastKnownFileType = file.storyboard; name = Base; path = Base.lproj/Main.storyboard; sourceTree = "<group>"; };
		A24CD21B21C388FA009C4DFC /* Assets.xcassets */ = {isa = PBXFileReference; lastKnownFileType = folder.assetcatalog; path = Assets.xcassets; sourceTree = "<group>"; };
		A24CD21E21C388FA009C4DFC /* Base */ = {isa = PBXFileReference; lastKnownFileType = file.storyboard; name = Base; path = Base.lproj/LaunchScreen.storyboard; sourceTree = "<group>"; };
		A24CD22021C388FA009C4DFC /* Info.plist */ = {isa = PBXFileReference; lastKnownFileType = text.plist.xml; path = Info.plist; sourceTree = "<group>"; };
		A24CD22121C388FA009C4DFC /* main.m */ = {isa = PBXFileReference; lastKnownFileType = sourcecode.c.objc; path = main.m; sourceTree = "<group>"; };
		A24CD22821C38987009C4DFC /* DudelView.xib */ = {isa = PBXFileReference; lastKnownFileType = file.xib; path = DudelView.xib; sourceTree = "<group>"; };
		A24CD22A21C389A1009C4DFC /* DudelView.h */ = {isa = PBXFileReference; lastKnownFileType = sourcecode.c.h; path = DudelView.h; sourceTree = "<group>"; };
		A24CD22B21C389A1009C4DFC /* DudelView.m */ = {isa = PBXFileReference; lastKnownFileType = sourcecode.c.objc; path = DudelView.m; sourceTree = "<group>"; };
		A24CD22D21C38E5B009C4DFC /* Drawable.h */ = {isa = PBXFileReference; lastKnownFileType = sourcecode.c.h; path = Drawable.h; sourceTree = "<group>"; };
		A24CD22E21C3923D009C4DFC /* Tool.h */ = {isa = PBXFileReference; lastKnownFileType = sourcecode.c.h; path = Tool.h; sourceTree = "<group>"; };
		A24CD22F21C3A45F009C4DFC /* PencilTool.h */ = {isa = PBXFileReference; lastKnownFileType = sourcecode.c.h; path = PencilTool.h; sourceTree = "<group>"; };
		A24CD23021C3A45F009C4DFC /* PencilTool.m */ = {isa = PBXFileReference; lastKnownFileType = sourcecode.c.objc; path = PencilTool.m; sourceTree = "<group>"; };
		A24CD23221C3A5AB009C4DFC /* SyncSingleton.h */ = {isa = PBXFileReference; lastKnownFileType = sourcecode.c.h; path = SyncSingleton.h; sourceTree = "<group>"; };
		A24CD23321C3A9FE009C4DFC /* PathDrawingInfo.h */ = {isa = PBXFileReference; lastKnownFileType = sourcecode.c.h; path = PathDrawingInfo.h; sourceTree = "<group>"; };
		A24CD23421C3A9FE009C4DFC /* PathDrawingInfo.m */ = {isa = PBXFileReference; lastKnownFileType = sourcecode.c.objc; path = PathDrawingInfo.m; sourceTree = "<group>"; };
		A24CD23621C3AEF9009C4DFC /* LineTool.h */ = {isa = PBXFileReference; lastKnownFileType = sourcecode.c.h; path = LineTool.h; sourceTree = "<group>"; };
		A24CD23721C3AEF9009C4DFC /* LineTool.m */ = {isa = PBXFileReference; lastKnownFileType = sourcecode.c.objc; path = LineTool.m; sourceTree = "<group>"; };
		A24CD23921C3B4CA009C4DFC /* RectangleTool.h */ = {isa = PBXFileReference; lastKnownFileType = sourcecode.c.h; path = RectangleTool.h; sourceTree = "<group>"; };
		A24CD23A21C3B4CA009C4DFC /* RectangleTool.m */ = {isa = PBXFileReference; lastKnownFileType = sourcecode.c.objc; path = RectangleTool.m; sourceTree = "<group>"; };
		A24CD23C21C3B7DA009C4DFC /* EllipseTool.h */ = {isa = PBXFileReference; lastKnownFileType = sourcecode.c.h; path = EllipseTool.h; sourceTree = "<group>"; };
		A24CD23D21C3B7DA009C4DFC /* EllipseTool.m */ = {isa = PBXFileReference; lastKnownFileType = sourcecode.c.objc; path = EllipseTool.m; sourceTree = "<group>"; };
		A24CD23F21C3BA27009C4DFC /* FreehandTool.h */ = {isa = PBXFileReference; lastKnownFileType = sourcecode.c.h; path = FreehandTool.h; sourceTree = "<group>"; };
		A24CD24021C3BA27009C4DFC /* FreehandTool.m */ = {isa = PBXFileReference; lastKnownFileType = sourcecode.c.objc; path = FreehandTool.m; sourceTree = "<group>"; };
/* End PBXFileReference section */

/* Begin PBXFrameworksBuildPhase section */
		A24CD20C21C388F7009C4DFC /* Frameworks */ = {
			isa = PBXFrameworksBuildPhase;
			buildActionMask = 2147483647;
			files = (
			);
			runOnlyForDeploymentPostprocessing = 0;
		};
/* End PBXFrameworksBuildPhase section */

/* Begin PBXGroup section */
		A24CD20621C388F7009C4DFC = {
			isa = PBXGroup;
			children = (
				A24CD21121C388F7009C4DFC /* Dudel */,
				A24CD21021C388F7009C4DFC /* Products */,
			);
			sourceTree = "<group>";
		};
		A24CD21021C388F7009C4DFC /* Products */ = {
			isa = PBXGroup;
			children = (
				A24CD20F21C388F7009C4DFC /* Dudel.app */,
			);
			name = Products;
			sourceTree = "<group>";
		};
		A24CD21121C388F7009C4DFC /* Dudel */ = {
			isa = PBXGroup;
			children = (
				A24CD21221C388F7009C4DFC /* AppDelegate.h */,
				A24CD21321C388F7009C4DFC /* AppDelegate.m */,
				A24CD21521C388F7009C4DFC /* ViewController.h */,
				A24CD21621C388F7009C4DFC /* ViewController.m */,
				A24CD21821C388F7009C4DFC /* Main.storyboard */,
				A24CD21B21C388FA009C4DFC /* Assets.xcassets */,
				A24CD21D21C388FA009C4DFC /* LaunchScreen.storyboard */,
				A24CD22021C388FA009C4DFC /* Info.plist */,
				A24CD22121C388FA009C4DFC /* main.m */,
				A24CD22821C38987009C4DFC /* DudelView.xib */,
				A24CD22A21C389A1009C4DFC /* DudelView.h */,
				A24CD22B21C389A1009C4DFC /* DudelView.m */,
				A24CD22D21C38E5B009C4DFC /* Drawable.h */,
				A24CD22E21C3923D009C4DFC /* Tool.h */,
				A24CD22F21C3A45F009C4DFC /* PencilTool.h */,
				A24CD23021C3A45F009C4DFC /* PencilTool.m */,
				A24CD23221C3A5AB009C4DFC /* SyncSingleton.h */,
				A24CD23321C3A9FE009C4DFC /* PathDrawingInfo.h */,
				A24CD23421C3A9FE009C4DFC /* PathDrawingInfo.m */,
				A24CD23621C3AEF9009C4DFC /* LineTool.h */,
				A24CD23721C3AEF9009C4DFC /* LineTool.m */,
				A24CD23921C3B4CA009C4DFC /* RectangleTool.h */,
				A24CD23A21C3B4CA009C4DFC /* RectangleTool.m */,
				A24CD23C21C3B7DA009C4DFC /* EllipseTool.h */,
				A24CD23D21C3B7DA009C4DFC /* EllipseTool.m */,
				A24CD23F21C3BA27009C4DFC /* FreehandTool.h */,
				A24CD24021C3BA27009C4DFC /* FreehandTool.m */,
			);
			path = Dudel;
			sourceTree = "<group>";
		};
/* End PBXGroup section */

/* Begin PBXNativeTarget section */
		A24CD20E21C388F7009C4DFC /* Dudel */ = {
			isa = PBXNativeTarget;
			buildConfigurationList = A24CD22521C388FA009C4DFC /* Build configuration list for PBXNativeTarget "Dudel" */;
			buildPhases = (
				A24CD20B21C388F7009C4DFC /* Sources */,
				A24CD20C21C388F7009C4DFC /* Frameworks */,
				A24CD20D21C388F7009C4DFC /* Resources */,
			);
			buildRules = (
			);
			dependencies = (
			);
			name = Dudel;
			productName = Dudel;
			productReference = A24CD20F21C388F7009C4DFC /* Dudel.app */;
			productType = "com.apple.product-type.application";
		};
/* End PBXNativeTarget section */

/* Begin PBXProject section */
		A24CD20721C388F7009C4DFC /* Project object */ = {
			isa = PBXProject;
			attributes = {
				LastUpgradeCheck = 1010;
				ORGANIZATIONNAME = xulingjiao;
				TargetAttributes = {
					A24CD20E21C388F7009C4DFC = {
						CreatedOnToolsVersion = 10.1;
					};
				};
			};
			buildConfigurationList = A24CD20A21C388F7009C4DFC /* Build configuration list for PBXProject "Dudel" */;
			compatibilityVersion = "Xcode 9.3";
			developmentRegion = en;
			hasScannedForEncodings = 0;
			knownRegions = (
				en,
				Base,
			);
			mainGroup = A24CD20621C388F7009C4DFC;
			productRefGroup = A24CD21021C388F7009C4DFC /* Products */;
			projectDirPath = "";
			projectRoot = "";
			targets = (
				A24CD20E21C388F7009C4DFC /* Dudel */,
			);
		};
/* End PBXProject section */

/* Begin PBXResourcesBuildPhase section */
		A24CD20D21C388F7009C4DFC /* Resources */ = {
			isa = PBXResourcesBuildPhase;
			buildActionMask = 2147483647;
			files = (
				A24CD21F21C388FA009C4DFC /* LaunchScreen.storyboard in Resources */,
				A24CD21C21C388FA009C4DFC /* Assets.xcassets in Resources */,
				A24CD21A21C388F7009C4DFC /* Main.storyboard in Resources */,
				A24CD22921C38987009C4DFC /* DudelView.xib in Resources */,
			);
			runOnlyForDeploymentPostprocessing = 0;
		};
/* End PBXResourcesBuildPhase section */

/* Begin PBXSourcesBuildPhase section */
		A24CD20B21C388F7009C4DFC /* Sources */ = {
			isa = PBXSourcesBuildPhase;
			buildActionMask = 2147483647;
			files = (
				A24CD21721C388F7009C4DFC /* ViewController.m in Sources */,
				A24CD23521C3A9FE009C4DFC /* PathDrawingInfo.m in Sources */,
				A24CD23121C3A45F009C4DFC /* PencilTool.m in Sources */,
				A24CD23E21C3B7DA009C4DFC /* EllipseTool.m in Sources */,
				A24CD22221C388FA009C4DFC /* main.m in Sources */,
				A24CD21421C388F7009C4DFC /* AppDelegate.m in Sources */,
				A24CD23B21C3B4CA009C4DFC /* RectangleTool.m in Sources */,
				A24CD23821C3AEF9009C4DFC /* LineTool.m in Sources */,
				A24CD24121C3BA27009C4DFC /* FreehandTool.m in Sources */,
				A24CD22C21C389A1009C4DFC /* DudelView.m in Sources */,
			);
			runOnlyForDeploymentPostprocessing = 0;
		};
/* End PBXSourcesBuildPhase section */

/* Begin PBXVariantGroup section */
		A24CD21821C388F7009C4DFC /* Main.storyboard */ = {
			isa = PBXVariantGroup;
			children = (
				A24CD21921C388F7009C4DFC /* Base */,
			);
			name = Main.storyboard;
			sourceTree = "<group>";
		};
		A24CD21D21C388FA009C4DFC /* LaunchScreen.storyboard */ = {
			isa = PBXVariantGroup;
			children = (
				A24CD21E21C388FA009C4DFC /* Base */,
			);
			name = LaunchScreen.storyboard;
			sourceTree = "<group>";
		};
/* End PBXVariantGroup section */

/* Begin XCBuildConfiguration section */
		A24CD22321C388FA009C4DFC /* Debug */ = {
			isa = XCBuildConfiguration;
			buildSettings = {
				ALWAYS_SEARCH_USER_PATHS = NO;
				CLANG_ANALYZER_NONNULL = YES;
				CLANG_ANALYZER_NUMBER_OBJECT_CONVERSION = YES_AGGRESSIVE;
				CLANG_CXX_LANGUAGE_STANDARD = "gnu++14";
				CLANG_CXX_LIBRARY = "libc++";
				CLANG_ENABLE_MODULES = YES;
				CLANG_ENABLE_OBJC_ARC = YES;
				CLANG_ENABLE_OBJC_WEAK = YES;
				CLANG_WARN_BLOCK_CAPTURE_AUTORELEASING = YES;
				CLANG_WARN_BOOL_CONVERSION = YES;
				CLANG_WARN_COMMA = YES;
				CLANG_WARN_CONSTANT_CONVERSION = YES;
				CLANG_WARN_DEPRECATED_OBJC_IMPLEMENTATIONS = YES;
				CLANG_WARN_DIRECT_OBJC_ISA_USAGE = YES_ERROR;
				CLANG_WARN_DOCUMENTATION_COMMENTS = YES;
				CLANG_WARN_EMPTY_BODY = YES;
				CLANG_WARN_ENUM_CONVERSION = YES;
				CLANG_WARN_INFINITE_RECURSION = YES;
				CLANG_WARN_INT_CONVERSION = YES;
				CLANG_WARN_NON_LITERAL_NULL_CONVERSION = YES;
				CLANG_WARN_OBJC_IMPLICIT_RETAIN_SELF = YES;
				CLANG_WARN_OBJC_LITERAL_CONVERSION = YES;
				CLANG_WARN_OBJC_ROOT_CLASS = YES_ERROR;
				CLANG_WARN_RANGE_LOOP_ANALYSIS = YES;
				CLANG_WARN_STRICT_PROTOTYPES = YES;
				CLANG_WARN_SUSPICIOUS_MOVE = YES;
				CLANG_WARN_UNGUARDED_AVAILABILITY = YES_AGGRESSIVE;
				CLANG_WARN_UNREACHABLE_CODE = YES;
				CLANG_WARN__DUPLICATE_METHOD_MATCH = YES;
				CODE_SIGN_IDENTITY = "iPhone Developer";
				COPY_PHASE_STRIP = NO;
				DEBUG_INFORMATION_FORMAT = dwarf;
				ENABLE_STRICT_OBJC_MSGSEND = YES;
				ENABLE_TESTABILITY = YES;
				GCC_C_LANGUAGE_STANDARD = gnu11;
				GCC_DYNAMIC_NO_PIC = NO;
				GCC_NO_COMMON_BLOCKS = YES;
				GCC_OPTIMIZATION_LEVEL = 0;
				GCC_PREPROCESSOR_DEFINITIONS = (
					"DEBUG=1",
					"$(inherited)",
				);
				GCC_WARN_64_TO_32_BIT_CONVERSION = YES;
				GCC_WARN_ABOUT_RETURN_TYPE = YES_ERROR;
				GCC_WARN_UNDECLARED_SELECTOR = YES;
				GCC_WARN_UNINITIALIZED_AUTOS = YES_AGGRESSIVE;
				GCC_WARN_UNUSED_FUNCTION = YES;
				GCC_WARN_UNUSED_VARIABLE = YES;
				IPHONEOS_DEPLOYMENT_TARGET = 12.1;
				MTL_ENABLE_DEBUG_INFO = INCLUDE_SOURCE;
				MTL_FAST_MATH = YES;
				ONLY_ACTIVE_ARCH = YES;
				SDKROOT = iphoneos;
			};
			name = Debug;
		};
		A24CD22421C388FA009C4DFC /* Release */ = {
			isa = XCBuildConfiguration;
			buildSettings = {
				ALWAYS_SEARCH_USER_PATHS = NO;
				CLANG_ANALYZER_NONNULL = YES;
				CLANG_ANALYZER_NUMBER_OBJECT_CONVERSION = YES_AGGRESSIVE;
				CLANG_CXX_LANGUAGE_STANDARD = "gnu++14";
				CLANG_CXX_LIBRARY = "libc++";
				CLANG_ENABLE_MODULES = YES;
				CLANG_ENABLE_OBJC_ARC = YES;
				CLANG_ENABLE_OBJC_WEAK = YES;
				CLANG_WARN_BLOCK_CAPTURE_AUTORELEASING = YES;
				CLANG_WARN_BOOL_CONVERSION = YES;
				CLANG_WARN_COMMA = YES;
				CLANG_WARN_CONSTANT_CONVERSION = YES;
				CLANG_WARN_DEPRECATED_OBJC_IMPLEMENTATIONS = YES;
				CLANG_WARN_DIRECT_OBJC_ISA_USAGE = YES_ERROR;
				CLANG_WARN_DOCUMENTATION_COMMENTS = YES;
				CLANG_WARN_EMPTY_BODY = YES;
				CLANG_WARN_ENUM_CONVERSION = YES;
				CLANG_WARN_INFINITE_RECURSION = YES;
				CLANG_WARN_INT_CONVERSION = YES;
				CLANG_WARN_NON_LITERAL_NULL_CONVERSION = YES;
				CLANG_WARN_OBJC_IMPLICIT_RETAIN_SELF = YES;
				CLANG_WARN_OBJC_LITERAL_CONVERSION = YES;
				CLANG_WARN_OBJC_ROOT_CLASS = YES_ERROR;
				CLANG_WARN_RANGE_LOOP_ANALYSIS = YES;
				CLANG_WARN_STRICT_PROTOTYPES = YES;
				CLANG_WARN_SUSPICIOUS_MOVE = YES;
				CLANG_WARN_UNGUARDED_AVAILABILITY = YES_AGGRESSIVE;
				CLANG_WARN_UNREACHABLE_CODE = YES;
				CLANG_WARN__DUPLICATE_METHOD_MATCH = YES;
				CODE_SIGN_IDENTITY = "iPhone Developer";
				COPY_PHASE_STRIP = NO;
				DEBUG_INFORMATION_FORMAT = "dwarf-with-dsym";
				ENABLE_NS_ASSERTIONS = NO;
				ENABLE_STRICT_OBJC_MSGSEND = YES;
				GCC_C_LANGUAGE_STANDARD = gnu11;
				GCC_NO_COMMON_BLOCKS = YES;
				GCC_WARN_64_TO_32_BIT_CONVERSION = YES;
				GCC_WARN_ABOUT_RETURN_TYPE = YES_ERROR;
				GCC_WARN_UNDECLARED_SELECTOR = YES;
				GCC_WARN_UNINITIALIZED_AUTOS = YES_AGGRESSIVE;
				GCC_WARN_UNUSED_FUNCTION = YES;
				GCC_WARN_UNUSED_VARIABLE = YES;
				IPHONEOS_DEPLOYMENT_TARGET = 12.1;
				MTL_ENABLE_DEBUG_INFO = NO;
				MTL_FAST_MATH = YES;
				SDKROOT = iphoneos;
				VALIDATE_PRODUCT = YES;
			};
			name = Release;
		};
		A24CD22621C388FA009C4DFC /* Debug */ = {
			isa = XCBuildConfiguration;
			buildSettings = {
				ASSETCATALOG_COMPILER_APPICON_NAME = AppIcon;
				CODE_SIGN_STYLE = Automatic;
				DEVELOPMENT_TEAM = 7Q78R5L39S;
				INFOPLIST_FILE = Dudel/Info.plist;
				IPHONEOS_DEPLOYMENT_TARGET = 9.0;
				LD_RUNPATH_SEARCH_PATHS = (
					"$(inherited)",
					"@executable_path/Frameworks",
				);
				PRODUCT_BUNDLE_IDENTIFIER = xulingjiao.Dudel;
				PRODUCT_NAME = "$(TARGET_NAME)";
				TARGETED_DEVICE_FAMILY = "1,2";
			};
			name = Debug;
		};
		A24CD22721C388FA009C4DFC /* Release */ = {
			isa = XCBuildConfiguration;
			buildSettings = {
				ASSETCATALOG_COMPILER_APPICON_NAME = AppIcon;
				CODE_SIGN_STYLE = Automatic;
				DEVELOPMENT_TEAM = 7Q78R5L39S;
				INFOPLIST_FILE = Dudel/Info.plist;
				IPHONEOS_DEPLOYMENT_TARGET = 9.0;
				LD_RUNPATH_SEARCH_PATHS = (
					"$(inherited)",
					"@executable_path/Frameworks",
				);
				PRODUCT_BUNDLE_IDENTIFIER = xulingjiao.Dudel;
				PRODUCT_NAME = "$(TARGET_NAME)";
				TARGETED_DEVICE_FAMILY = "1,2";
			};
			name = Release;
		};
/* End XCBuildConfiguration section */

/* Begin XCConfigurationList section */
		A24CD20A21C388F7009C4DFC /* Build configuration list for PBXProject "Dudel" */ = {
			isa = XCConfigurationList;
			buildConfigurations = (
				A24CD22321C388FA009C4DFC /* Debug */,
				A24CD22421C388FA009C4DFC /* Release */,
			);
			defaultConfigurationIsVisible = 0;
			defaultConfigurationName = Release;
		};
		A24CD22521C388FA009C4DFC /* Build configuration list for PBXNativeTarget "Dudel" */ = {
			isa = XCConfigurationList;
			buildConfigurations = (
				A24CD22621C388FA009C4DFC /* Debug */,
				A24CD22721C388FA009C4DFC /* Release */,
			);
			defaultConfigurationIsVisible = 0;
			defaultConfigurationName = Release;
		};
/* End XCConfigurationList section */
	};
	rootObject = A24CD20721C388F7009C4DFC /* Project object */;
}
